// !$*UTF8*$!
{
	archiveVersion = 1;
	classes = {
	};
	objectVersion = 55;
	objects = {

/* Begin PBXBuildFile section */
		04711148A1E6262AFAB3E085 /* Pods_AllermiTests.framework in Frameworks */ = {isa = PBXBuildFile; fileRef = E8C8A03AC7494EB8458F2DB4 /* Pods_AllermiTests.framework */; };
		7656E74EF567AE7CD7E1522D /* Pods_Allermi.framework in Frameworks */ = {isa = PBXBuildFile; fileRef = C5C68A21939C0590EF8D32B1 /* Pods_Allermi.framework */; };
		935F348F287D427E0081470E /* FirstView.swift in Sources */ = {isa = PBXBuildFile; fileRef = 935F348E287D427E0081470E /* FirstView.swift */; };
		935F3491287D4E7F0081470E /* BarcodeSearchView.swift in Sources */ = {isa = PBXBuildFile; fileRef = 935F3490287D4E7F0081470E /* BarcodeSearchView.swift */; };
		935F3493287D4EA20081470E /* LocationSearchView.swift in Sources */ = {isa = PBXBuildFile; fileRef = 935F3492287D4EA20081470E /* LocationSearchView.swift */; };
		935F3495287D50BE0081470E /* RegisterView.swift in Sources */ = {isa = PBXBuildFile; fileRef = 935F3494287D50BE0081470E /* RegisterView.swift */; };
		935F3497287D51310081470E /* LoginView.swift in Sources */ = {isa = PBXBuildFile; fileRef = 935F3496287D51310081470E /* LoginView.swift */; };
		936655C5287B9EE400277FC6 /* AllermiApp.swift in Sources */ = {isa = PBXBuildFile; fileRef = 936655C4287B9EE400277FC6 /* AllermiApp.swift */; };
		936655C9287B9EE500277FC6 /* Assets.xcassets in Resources */ = {isa = PBXBuildFile; fileRef = 936655C8287B9EE500277FC6 /* Assets.xcassets */; };
		936655CC287B9EE500277FC6 /* Preview Assets.xcassets in Resources */ = {isa = PBXBuildFile; fileRef = 936655CB287B9EE500277FC6 /* Preview Assets.xcassets */; };
		936655D6287B9EE500277FC6 /* AllermiTests.swift in Sources */ = {isa = PBXBuildFile; fileRef = 936655D5287B9EE500277FC6 /* AllermiTests.swift */; };
		936655E0287B9EE500277FC6 /* AllermiUITests.swift in Sources */ = {isa = PBXBuildFile; fileRef = 936655DF287B9EE500277FC6 /* AllermiUITests.swift */; };
		936655E2287B9EE500277FC6 /* AllermiUITestsLaunchTests.swift in Sources */ = {isa = PBXBuildFile; fileRef = 936655E1287B9EE500277FC6 /* AllermiUITestsLaunchTests.swift */; };
		936655EF287BA08200277FC6 /* SearchView.swift in Sources */ = {isa = PBXBuildFile; fileRef = 936655EE287BA08200277FC6 /* SearchView.swift */; };
		936655F1287BA28500277FC6 /* HealthView.swift in Sources */ = {isa = PBXBuildFile; fileRef = 936655F0287BA28500277FC6 /* HealthView.swift */; };
		936655F3287BA29500277FC6 /* HomeView.swift in Sources */ = {isa = PBXBuildFile; fileRef = 936655F2287BA29500277FC6 /* HomeView.swift */; };
		936655F5287BA2B000277FC6 /* ProfileView.swift in Sources */ = {isa = PBXBuildFile; fileRef = 936655F4287BA2B000277FC6 /* ProfileView.swift */; };
		936655F7287BA2BA00277FC6 /* CommunityView.swift in Sources */ = {isa = PBXBuildFile; fileRef = 936655F6287BA2BA00277FC6 /* CommunityView.swift */; };
		93D08F86287FC43300DF9E9F /* ContentView.swift in Sources */ = {isa = PBXBuildFile; fileRef = 93D08F85287FC43300DF9E9F /* ContentView.swift */; };
		93D08F88287FC48900DF9E9F /* Launch Screen.storyboard in Resources */ = {isa = PBXBuildFile; fileRef = 93D08F87287FC48900DF9E9F /* Launch Screen.storyboard */; };
		BDD2424CA6902563472DE799 /* Pods_Allermi_AllermiUITests.framework in Frameworks */ = {isa = PBXBuildFile; fileRef = 7770B6B3EC8103AE9A216159 /* Pods_Allermi_AllermiUITests.framework */; };
/* End PBXBuildFile section */

/* Begin PBXContainerItemProxy section */
		936655D2287B9EE500277FC6 /* PBXContainerItemProxy */ = {
			isa = PBXContainerItemProxy;
			containerPortal = 936655B9287B9EE400277FC6 /* Project object */;
			proxyType = 1;
			remoteGlobalIDString = 936655C0287B9EE400277FC6;
			remoteInfo = Allermi;
		};
		936655DC287B9EE500277FC6 /* PBXContainerItemProxy */ = {
			isa = PBXContainerItemProxy;
			containerPortal = 936655B9287B9EE400277FC6 /* Project object */;
			proxyType = 1;
			remoteGlobalIDString = 936655C0287B9EE400277FC6;
			remoteInfo = Allermi;
		};
/* End PBXContainerItemProxy section */

/* Begin PBXFileReference section */
		0769FDCC1924AD510B3399E6 /* Pods-Allermi.release.xcconfig */ = {isa = PBXFileReference; includeInIndex = 1; lastKnownFileType = text.xcconfig; name = "Pods-Allermi.release.xcconfig"; path = "Target Support Files/Pods-Allermi/Pods-Allermi.release.xcconfig"; sourceTree = "<group>"; };
		43F1386BE8688D5CF1608025 /* Pods-Allermi.debug.xcconfig */ = {isa = PBXFileReference; includeInIndex = 1; lastKnownFileType = text.xcconfig; name = "Pods-Allermi.debug.xcconfig"; path = "Target Support Files/Pods-Allermi/Pods-Allermi.debug.xcconfig"; sourceTree = "<group>"; };
		53C4FAF5A3FABA0D5904E623 /* Pods-Allermi-AllermiUITests.debug.xcconfig */ = {isa = PBXFileReference; includeInIndex = 1; lastKnownFileType = text.xcconfig; name = "Pods-Allermi-AllermiUITests.debug.xcconfig"; path = "Target Support Files/Pods-Allermi-AllermiUITests/Pods-Allermi-AllermiUITests.debug.xcconfig"; sourceTree = "<group>"; };
		6F012182359CD232C7ABC34C /* Pods-Allermi-AllermiUITests.release.xcconfig */ = {isa = PBXFileReference; includeInIndex = 1; lastKnownFileType = text.xcconfig; name = "Pods-Allermi-AllermiUITests.release.xcconfig"; path = "Target Support Files/Pods-Allermi-AllermiUITests/Pods-Allermi-AllermiUITests.release.xcconfig"; sourceTree = "<group>"; };
		7770B6B3EC8103AE9A216159 /* Pods_Allermi_AllermiUITests.framework */ = {isa = PBXFileReference; explicitFileType = wrapper.framework; includeInIndex = 0; path = Pods_Allermi_AllermiUITests.framework; sourceTree = BUILT_PRODUCTS_DIR; };
		904696CF71F7CF8B822B4B20 /* Pods-AllermiTests.debug.xcconfig */ = {isa = PBXFileReference; includeInIndex = 1; lastKnownFileType = text.xcconfig; name = "Pods-AllermiTests.debug.xcconfig"; path = "Target Support Files/Pods-AllermiTests/Pods-AllermiTests.debug.xcconfig"; sourceTree = "<group>"; };
		935F348E287D427E0081470E /* FirstView.swift */ = {isa = PBXFileReference; lastKnownFileType = sourcecode.swift; path = FirstView.swift; sourceTree = "<group>"; };
		935F3490287D4E7F0081470E /* BarcodeSearchView.swift */ = {isa = PBXFileReference; lastKnownFileType = sourcecode.swift; path = BarcodeSearchView.swift; sourceTree = "<group>"; };
		935F3492287D4EA20081470E /* LocationSearchView.swift */ = {isa = PBXFileReference; lastKnownFileType = sourcecode.swift; path = LocationSearchView.swift; sourceTree = "<group>"; };
		935F3494287D50BE0081470E /* RegisterView.swift */ = {isa = PBXFileReference; lastKnownFileType = sourcecode.swift; path = RegisterView.swift; sourceTree = "<group>"; };
		935F3496287D51310081470E /* LoginView.swift */ = {isa = PBXFileReference; lastKnownFileType = sourcecode.swift; path = LoginView.swift; sourceTree = "<group>"; };
		936655C1287B9EE400277FC6 /* 알레르미.app */ = {isa = PBXFileReference; explicitFileType = wrapper.application; includeInIndex = 0; path = "알레르미.app"; sourceTree = BUILT_PRODUCTS_DIR; };
		936655C4287B9EE400277FC6 /* AllermiApp.swift */ = {isa = PBXFileReference; lastKnownFileType = sourcecode.swift; path = AllermiApp.swift; sourceTree = "<group>"; };
		936655C8287B9EE500277FC6 /* Assets.xcassets */ = {isa = PBXFileReference; lastKnownFileType = folder.assetcatalog; path = Assets.xcassets; sourceTree = "<group>"; };
		936655CB287B9EE500277FC6 /* Preview Assets.xcassets */ = {isa = PBXFileReference; lastKnownFileType = folder.assetcatalog; path = "Preview Assets.xcassets"; sourceTree = "<group>"; };
		936655D1287B9EE500277FC6 /* AllermiTests.xctest */ = {isa = PBXFileReference; explicitFileType = wrapper.cfbundle; includeInIndex = 0; path = AllermiTests.xctest; sourceTree = BUILT_PRODUCTS_DIR; };
		936655D5287B9EE500277FC6 /* AllermiTests.swift */ = {isa = PBXFileReference; lastKnownFileType = sourcecode.swift; path = AllermiTests.swift; sourceTree = "<group>"; };
		936655DB287B9EE500277FC6 /* AllermiUITests.xctest */ = {isa = PBXFileReference; explicitFileType = wrapper.cfbundle; includeInIndex = 0; path = AllermiUITests.xctest; sourceTree = BUILT_PRODUCTS_DIR; };
		936655DF287B9EE500277FC6 /* AllermiUITests.swift */ = {isa = PBXFileReference; lastKnownFileType = sourcecode.swift; path = AllermiUITests.swift; sourceTree = "<group>"; };
		936655E1287B9EE500277FC6 /* AllermiUITestsLaunchTests.swift */ = {isa = PBXFileReference; lastKnownFileType = sourcecode.swift; path = AllermiUITestsLaunchTests.swift; sourceTree = "<group>"; };
		936655EE287BA08200277FC6 /* SearchView.swift */ = {isa = PBXFileReference; lastKnownFileType = sourcecode.swift; path = SearchView.swift; sourceTree = "<group>"; };
		936655F0287BA28500277FC6 /* HealthView.swift */ = {isa = PBXFileReference; lastKnownFileType = sourcecode.swift; path = HealthView.swift; sourceTree = "<group>"; };
		936655F2287BA29500277FC6 /* HomeView.swift */ = {isa = PBXFileReference; lastKnownFileType = sourcecode.swift; path = HomeView.swift; sourceTree = "<group>"; };
		936655F4287BA2B000277FC6 /* ProfileView.swift */ = {isa = PBXFileReference; lastKnownFileType = sourcecode.swift; path = ProfileView.swift; sourceTree = "<group>"; };
		936655F6287BA2BA00277FC6 /* CommunityView.swift */ = {isa = PBXFileReference; lastKnownFileType = sourcecode.swift; path = CommunityView.swift; sourceTree = "<group>"; };
		93D01D742881053E006D0850 /* Info.plist */ = {isa = PBXFileReference; lastKnownFileType = text.plist.xml; path = Info.plist; sourceTree = "<group>"; };
		93D08F85287FC43300DF9E9F /* ContentView.swift */ = {isa = PBXFileReference; lastKnownFileType = sourcecode.swift; path = ContentView.swift; sourceTree = "<group>"; };
		93D08F87287FC48900DF9E9F /* Launch Screen.storyboard */ = {isa = PBXFileReference; lastKnownFileType = file.storyboard; path = "Launch Screen.storyboard"; sourceTree = "<group>"; };
		C5C68A21939C0590EF8D32B1 /* Pods_Allermi.framework */ = {isa = PBXFileReference; explicitFileType = wrapper.framework; includeInIndex = 0; path = Pods_Allermi.framework; sourceTree = BUILT_PRODUCTS_DIR; };
		D1240032F2E06C3082B9DF75 /* Pods-AllermiTests.release.xcconfig */ = {isa = PBXFileReference; includeInIndex = 1; lastKnownFileType = text.xcconfig; name = "Pods-AllermiTests.release.xcconfig"; path = "Target Support Files/Pods-AllermiTests/Pods-AllermiTests.release.xcconfig"; sourceTree = "<group>"; };
		E8C8A03AC7494EB8458F2DB4 /* Pods_AllermiTests.framework */ = {isa = PBXFileReference; explicitFileType = wrapper.framework; includeInIndex = 0; path = Pods_AllermiTests.framework; sourceTree = BUILT_PRODUCTS_DIR; };
/* End PBXFileReference section */

/* Begin PBXFrameworksBuildPhase section */
		936655BE287B9EE400277FC6 /* Frameworks */ = {
			isa = PBXFrameworksBuildPhase;
			buildActionMask = 2147483647;
			files = (
				7656E74EF567AE7CD7E1522D /* Pods_Allermi.framework in Frameworks */,
			);
			runOnlyForDeploymentPostprocessing = 0;
		};
		936655CE287B9EE500277FC6 /* Frameworks */ = {
			isa = PBXFrameworksBuildPhase;
			buildActionMask = 2147483647;
			files = (
				04711148A1E6262AFAB3E085 /* Pods_AllermiTests.framework in Frameworks */,
			);
			runOnlyForDeploymentPostprocessing = 0;
		};
		936655D8287B9EE500277FC6 /* Frameworks */ = {
			isa = PBXFrameworksBuildPhase;
			buildActionMask = 2147483647;
			files = (
				BDD2424CA6902563472DE799 /* Pods_Allermi_AllermiUITests.framework in Frameworks */,
			);
			runOnlyForDeploymentPostprocessing = 0;
		};
/* End PBXFrameworksBuildPhase section */

/* Begin PBXGroup section */
		8E278EEFBFC0DAE52FC35B81 /* Pods */ = {
			isa = PBXGroup;
			children = (
				43F1386BE8688D5CF1608025 /* Pods-Allermi.debug.xcconfig */,
				0769FDCC1924AD510B3399E6 /* Pods-Allermi.release.xcconfig */,
				53C4FAF5A3FABA0D5904E623 /* Pods-Allermi-AllermiUITests.debug.xcconfig */,
				6F012182359CD232C7ABC34C /* Pods-Allermi-AllermiUITests.release.xcconfig */,
				904696CF71F7CF8B822B4B20 /* Pods-AllermiTests.debug.xcconfig */,
				D1240032F2E06C3082B9DF75 /* Pods-AllermiTests.release.xcconfig */,
			);
			path = Pods;
			sourceTree = "<group>";
		};
		91AE252B128F8FF96C336213 /* Frameworks */ = {
			isa = PBXGroup;
			children = (
				C5C68A21939C0590EF8D32B1 /* Pods_Allermi.framework */,
				7770B6B3EC8103AE9A216159 /* Pods_Allermi_AllermiUITests.framework */,
				E8C8A03AC7494EB8458F2DB4 /* Pods_AllermiTests.framework */,
			);
			name = Frameworks;
			sourceTree = "<group>";
		};
		936655B8287B9EE400277FC6 = {
			isa = PBXGroup;
			children = (
				936655C3287B9EE400277FC6 /* Allermi */,
				936655D4287B9EE500277FC6 /* AllermiTests */,
				936655DE287B9EE500277FC6 /* AllermiUITests */,
				936655C2287B9EE400277FC6 /* Products */,
				8E278EEFBFC0DAE52FC35B81 /* Pods */,
				91AE252B128F8FF96C336213 /* Frameworks */,
			);
			sourceTree = "<group>";
		};
		936655C2287B9EE400277FC6 /* Products */ = {
			isa = PBXGroup;
			children = (
				936655C1287B9EE400277FC6 /* 알레르미.app */,
				936655D1287B9EE500277FC6 /* AllermiTests.xctest */,
				936655DB287B9EE500277FC6 /* AllermiUITests.xctest */,
			);
			name = Products;
			sourceTree = "<group>";
		};
		936655C3287B9EE400277FC6 /* Allermi */ = {
			isa = PBXGroup;
			children = (
				93D01D742881053E006D0850 /* Info.plist */,
				93D08F87287FC48900DF9E9F /* Launch Screen.storyboard */,
				936655C4287B9EE400277FC6 /* AllermiApp.swift */,
				939F7E52287FC7BE0016175A /* PreContentViews */,
				939F7E51287FC7800016175A /* ContentViews */,
				936655C8287B9EE500277FC6 /* Assets.xcassets */,
				936655CA287B9EE500277FC6 /* Preview Content */,
			);
			path = Allermi;
			sourceTree = "<group>";
		};
		936655CA287B9EE500277FC6 /* Preview Content */ = {
			isa = PBXGroup;
			children = (
				936655CB287B9EE500277FC6 /* Preview Assets.xcassets */,
			);
			path = "Preview Content";
			sourceTree = "<group>";
		};
		936655D4287B9EE500277FC6 /* AllermiTests */ = {
			isa = PBXGroup;
			children = (
				936655D5287B9EE500277FC6 /* AllermiTests.swift */,
			);
			path = AllermiTests;
			sourceTree = "<group>";
		};
		936655DE287B9EE500277FC6 /* AllermiUITests */ = {
			isa = PBXGroup;
			children = (
				936655DF287B9EE500277FC6 /* AllermiUITests.swift */,
				936655E1287B9EE500277FC6 /* AllermiUITestsLaunchTests.swift */,
			);
			path = AllermiUITests;
			sourceTree = "<group>";
		};
		939F7E51287FC7800016175A /* ContentViews */ = {
			isa = PBXGroup;
			children = (
				93D08F85287FC43300DF9E9F /* ContentView.swift */,
				939F7E53287FC7E10016175A /* MinorSearchViews */,
				936655F2287BA29500277FC6 /* HomeView.swift */,
				936655F6287BA2BA00277FC6 /* CommunityView.swift */,
				936655EE287BA08200277FC6 /* SearchView.swift */,
				936655F0287BA28500277FC6 /* HealthView.swift */,
				936655F4287BA2B000277FC6 /* ProfileView.swift */,
			);
			path = ContentViews;
			sourceTree = "<group>";
		};
		939F7E52287FC7BE0016175A /* PreContentViews */ = {
			isa = PBXGroup;
			children = (
				935F348E287D427E0081470E /* FirstView.swift */,
				935F3496287D51310081470E /* LoginView.swift */,
				935F3494287D50BE0081470E /* RegisterView.swift */,
			);
			path = PreContentViews;
			sourceTree = "<group>";
		};
		939F7E53287FC7E10016175A /* MinorSearchViews */ = {
			isa = PBXGroup;
			children = (
				935F3492287D4EA20081470E /* LocationSearchView.swift */,
				935F3490287D4E7F0081470E /* BarcodeSearchView.swift */,
			);
			path = MinorSearchViews;
			sourceTree = "<group>";
		};
/* End PBXGroup section */

/* Begin PBXNativeTarget section */
		936655C0287B9EE400277FC6 /* Allermi */ = {
			isa = PBXNativeTarget;
			buildConfigurationList = 936655E5287B9EE500277FC6 /* Build configuration list for PBXNativeTarget "Allermi" */;
			buildPhases = (
				9452B9C3E818B3E2A152410B /* [CP] Check Pods Manifest.lock */,
				936655BD287B9EE400277FC6 /* Sources */,
				936655BE287B9EE400277FC6 /* Frameworks */,
				936655BF287B9EE400277FC6 /* Resources */,
				BF40D4C4143F5F787B986143 /* [CP] Embed Pods Frameworks */,
			);
			buildRules = (
			);
			dependencies = (
			);
			name = Allermi;
			productName = Allermi;
			productReference = 936655C1287B9EE400277FC6 /* 알레르미.app */;
			productType = "com.apple.product-type.application";
		};
		936655D0287B9EE500277FC6 /* AllermiTests */ = {
			isa = PBXNativeTarget;
			buildConfigurationList = 936655E8287B9EE500277FC6 /* Build configuration list for PBXNativeTarget "AllermiTests" */;
			buildPhases = (
				FB93C885FE388F32FD657772 /* [CP] Check Pods Manifest.lock */,
				936655CD287B9EE500277FC6 /* Sources */,
				936655CE287B9EE500277FC6 /* Frameworks */,
				936655CF287B9EE500277FC6 /* Resources */,
			);
			buildRules = (
			);
			dependencies = (
				936655D3287B9EE500277FC6 /* PBXTargetDependency */,
			);
			name = AllermiTests;
			productName = AllermiTests;
			productReference = 936655D1287B9EE500277FC6 /* AllermiTests.xctest */;
			productType = "com.apple.product-type.bundle.unit-test";
		};
		936655DA287B9EE500277FC6 /* AllermiUITests */ = {
			isa = PBXNativeTarget;
			buildConfigurationList = 936655EB287B9EE500277FC6 /* Build configuration list for PBXNativeTarget "AllermiUITests" */;
			buildPhases = (
				FD6D20C9F88FD8E6BBFC3707 /* [CP] Check Pods Manifest.lock */,
				936655D7287B9EE500277FC6 /* Sources */,
				936655D8287B9EE500277FC6 /* Frameworks */,
				936655D9287B9EE500277FC6 /* Resources */,
				E916DDCB32260AA7D1CC8B8F /* [CP] Embed Pods Frameworks */,
			);
			buildRules = (
			);
			dependencies = (
				936655DD287B9EE500277FC6 /* PBXTargetDependency */,
			);
			name = AllermiUITests;
			productName = AllermiUITests;
			productReference = 936655DB287B9EE500277FC6 /* AllermiUITests.xctest */;
			productType = "com.apple.product-type.bundle.ui-testing";
		};
/* End PBXNativeTarget section */

/* Begin PBXProject section */
		936655B9287B9EE400277FC6 /* Project object */ = {
			isa = PBXProject;
			attributes = {
				BuildIndependentTargetsInParallel = 1;
				LastSwiftUpdateCheck = 1330;
				LastUpgradeCheck = 1330;
				TargetAttributes = {
					936655C0287B9EE400277FC6 = {
						CreatedOnToolsVersion = 13.3.1;
					};
					936655D0287B9EE500277FC6 = {
						CreatedOnToolsVersion = 13.3.1;
						TestTargetID = 936655C0287B9EE400277FC6;
					};
					936655DA287B9EE500277FC6 = {
						CreatedOnToolsVersion = 13.3.1;
						TestTargetID = 936655C0287B9EE400277FC6;
					};
				};
			};
			buildConfigurationList = 936655BC287B9EE400277FC6 /* Build configuration list for PBXProject "Allermi" */;
			compatibilityVersion = "Xcode 13.0";
			developmentRegion = en;
			hasScannedForEncodings = 0;
			knownRegions = (
				en,
				Base,
			);
			mainGroup = 936655B8287B9EE400277FC6;
			productRefGroup = 936655C2287B9EE400277FC6 /* Products */;
			projectDirPath = "";
			projectRoot = "";
			targets = (
				936655C0287B9EE400277FC6 /* Allermi */,
				936655D0287B9EE500277FC6 /* AllermiTests */,
				936655DA287B9EE500277FC6 /* AllermiUITests */,
			);
		};
/* End PBXProject section */

/* Begin PBXResourcesBuildPhase section */
		936655BF287B9EE400277FC6 /* Resources */ = {
			isa = PBXResourcesBuildPhase;
			buildActionMask = 2147483647;
			files = (
				93D08F88287FC48900DF9E9F /* Launch Screen.storyboard in Resources */,
				936655CC287B9EE500277FC6 /* Preview Assets.xcassets in Resources */,
				936655C9287B9EE500277FC6 /* Assets.xcassets in Resources */,
			);
			runOnlyForDeploymentPostprocessing = 0;
		};
		936655CF287B9EE500277FC6 /* Resources */ = {
			isa = PBXResourcesBuildPhase;
			buildActionMask = 2147483647;
			files = (
			);
			runOnlyForDeploymentPostprocessing = 0;
		};
		936655D9287B9EE500277FC6 /* Resources */ = {
			isa = PBXResourcesBuildPhase;
			buildActionMask = 2147483647;
			files = (
			);
			runOnlyForDeploymentPostprocessing = 0;
		};
/* End PBXResourcesBuildPhase section */

/* Begin PBXShellScriptBuildPhase section */
		9452B9C3E818B3E2A152410B /* [CP] Check Pods Manifest.lock */ = {
			isa = PBXShellScriptBuildPhase;
			buildActionMask = 2147483647;
			files = (
			);
			inputFileListPaths = (
			);
			inputPaths = (
				"${PODS_PODFILE_DIR_PATH}/Podfile.lock",
				"${PODS_ROOT}/Manifest.lock",
			);
			name = "[CP] Check Pods Manifest.lock";
			outputFileListPaths = (
			);
			outputPaths = (
				"$(DERIVED_FILE_DIR)/Pods-Allermi-checkManifestLockResult.txt",
			);
			runOnlyForDeploymentPostprocessing = 0;
			shellPath = /bin/sh;
			shellScript = "diff \"${PODS_PODFILE_DIR_PATH}/Podfile.lock\" \"${PODS_ROOT}/Manifest.lock\" > /dev/null\nif [ $? != 0 ] ; then\n    # print error to STDERR\n    echo \"error: The sandbox is not in sync with the Podfile.lock. Run 'pod install' or update your CocoaPods installation.\" >&2\n    exit 1\nfi\n# This output is used by Xcode 'outputs' to avoid re-running this script phase.\necho \"SUCCESS\" > \"${SCRIPT_OUTPUT_FILE_0}\"\n";
			showEnvVarsInLog = 0;
		};
		BF40D4C4143F5F787B986143 /* [CP] Embed Pods Frameworks */ = {
			isa = PBXShellScriptBuildPhase;
			buildActionMask = 2147483647;
			files = (
			);
			inputFileListPaths = (
				"${PODS_ROOT}/Target Support Files/Pods-Allermi/Pods-Allermi-frameworks-${CONFIGURATION}-input-files.xcfilelist",
			);
			name = "[CP] Embed Pods Frameworks";
			outputFileListPaths = (
				"${PODS_ROOT}/Target Support Files/Pods-Allermi/Pods-Allermi-frameworks-${CONFIGURATION}-output-files.xcfilelist",
			);
			runOnlyForDeploymentPostprocessing = 0;
			shellPath = /bin/sh;
			shellScript = "\"${PODS_ROOT}/Target Support Files/Pods-Allermi/Pods-Allermi-frameworks.sh\"\n";
			showEnvVarsInLog = 0;
		};
		E916DDCB32260AA7D1CC8B8F /* [CP] Embed Pods Frameworks */ = {
			isa = PBXShellScriptBuildPhase;
			buildActionMask = 2147483647;
			files = (
			);
			inputFileListPaths = (
				"${PODS_ROOT}/Target Support Files/Pods-Allermi-AllermiUITests/Pods-Allermi-AllermiUITests-frameworks-${CONFIGURATION}-input-files.xcfilelist",
			);
			name = "[CP] Embed Pods Frameworks";
			outputFileListPaths = (
				"${PODS_ROOT}/Target Support Files/Pods-Allermi-AllermiUITests/Pods-Allermi-AllermiUITests-frameworks-${CONFIGURATION}-output-files.xcfilelist",
			);
			runOnlyForDeploymentPostprocessing = 0;
			shellPath = /bin/sh;
			shellScript = "\"${PODS_ROOT}/Target Support Files/Pods-Allermi-AllermiUITests/Pods-Allermi-AllermiUITests-frameworks.sh\"\n";
			showEnvVarsInLog = 0;
		};
		FB93C885FE388F32FD657772 /* [CP] Check Pods Manifest.lock */ = {
			isa = PBXShellScriptBuildPhase;
			buildActionMask = 2147483647;
			files = (
			);
			inputFileListPaths = (
			);
			inputPaths = (
				"${PODS_PODFILE_DIR_PATH}/Podfile.lock",
				"${PODS_ROOT}/Manifest.lock",
			);
			name = "[CP] Check Pods Manifest.lock";
			outputFileListPaths = (
			);
			outputPaths = (
				"$(DERIVED_FILE_DIR)/Pods-AllermiTests-checkManifestLockResult.txt",
			);
			runOnlyForDeploymentPostprocessing = 0;
			shellPath = /bin/sh;
			shellScript = "diff \"${PODS_PODFILE_DIR_PATH}/Podfile.lock\" \"${PODS_ROOT}/Manifest.lock\" > /dev/null\nif [ $? != 0 ] ; then\n    # print error to STDERR\n    echo \"error: The sandbox is not in sync with the Podfile.lock. Run 'pod install' or update your CocoaPods installation.\" >&2\n    exit 1\nfi\n# This output is used by Xcode 'outputs' to avoid re-running this script phase.\necho \"SUCCESS\" > \"${SCRIPT_OUTPUT_FILE_0}\"\n";
			showEnvVarsInLog = 0;
		};
		FD6D20C9F88FD8E6BBFC3707 /* [CP] Check Pods Manifest.lock */ = {
			isa = PBXShellScriptBuildPhase;
			buildActionMask = 2147483647;
			files = (
			);
			inputFileListPaths = (
			);
			inputPaths = (
				"${PODS_PODFILE_DIR_PATH}/Podfile.lock",
				"${PODS_ROOT}/Manifest.lock",
			);
			name = "[CP] Check Pods Manifest.lock";
			outputFileListPaths = (
			);
			outputPaths = (
				"$(DERIVED_FILE_DIR)/Pods-Allermi-AllermiUITests-checkManifestLockResult.txt",
			);
			runOnlyForDeploymentPostprocessing = 0;
			shellPath = /bin/sh;
			shellScript = "diff \"${PODS_PODFILE_DIR_PATH}/Podfile.lock\" \"${PODS_ROOT}/Manifest.lock\" > /dev/null\nif [ $? != 0 ] ; then\n    # print error to STDERR\n    echo \"error: The sandbox is not in sync with the Podfile.lock. Run 'pod install' or update your CocoaPods installation.\" >&2\n    exit 1\nfi\n# This output is used by Xcode 'outputs' to avoid re-running this script phase.\necho \"SUCCESS\" > \"${SCRIPT_OUTPUT_FILE_0}\"\n";
			showEnvVarsInLog = 0;
		};
/* End PBXShellScriptBuildPhase section */

/* Begin PBXSourcesBuildPhase section */
		936655BD287B9EE400277FC6 /* Sources */ = {
			isa = PBXSourcesBuildPhase;
			buildActionMask = 2147483647;
			files = (
				935F3495287D50BE0081470E /* RegisterView.swift in Sources */,
				936655F7287BA2BA00277FC6 /* CommunityView.swift in Sources */,
				936655F1287BA28500277FC6 /* HealthView.swift in Sources */,
				936655EF287BA08200277FC6 /* SearchView.swift in Sources */,
				936655F3287BA29500277FC6 /* HomeView.swift in Sources */,
				935F3497287D51310081470E /* LoginView.swift in Sources */,
				935F3493287D4EA20081470E /* LocationSearchView.swift in Sources */,
				935F348F287D427E0081470E /* FirstView.swift in Sources */,
				936655F5287BA2B000277FC6 /* ProfileView.swift in Sources */,
				93D08F86287FC43300DF9E9F /* ContentView.swift in Sources */,
				936655C5287B9EE400277FC6 /* AllermiApp.swift in Sources */,
				935F3491287D4E7F0081470E /* BarcodeSearchView.swift in Sources */,
			);
			runOnlyForDeploymentPostprocessing = 0;
		};
		936655CD287B9EE500277FC6 /* Sources */ = {
			isa = PBXSourcesBuildPhase;
			buildActionMask = 2147483647;
			files = (
				936655D6287B9EE500277FC6 /* AllermiTests.swift in Sources */,
			);
			runOnlyForDeploymentPostprocessing = 0;
		};
		936655D7287B9EE500277FC6 /* Sources */ = {
			isa = PBXSourcesBuildPhase;
			buildActionMask = 2147483647;
			files = (
				936655E0287B9EE500277FC6 /* AllermiUITests.swift in Sources */,
				936655E2287B9EE500277FC6 /* AllermiUITestsLaunchTests.swift in Sources */,
			);
			runOnlyForDeploymentPostprocessing = 0;
		};
/* End PBXSourcesBuildPhase section */

/* Begin PBXTargetDependency section */
		936655D3287B9EE500277FC6 /* PBXTargetDependency */ = {
			isa = PBXTargetDependency;
			target = 936655C0287B9EE400277FC6 /* Allermi */;
			targetProxy = 936655D2287B9EE500277FC6 /* PBXContainerItemProxy */;
		};
		936655DD287B9EE500277FC6 /* PBXTargetDependency */ = {
			isa = PBXTargetDependency;
			target = 936655C0287B9EE400277FC6 /* Allermi */;
			targetProxy = 936655DC287B9EE500277FC6 /* PBXContainerItemProxy */;
		};
/* End PBXTargetDependency section */

/* Begin XCBuildConfiguration section */
		936655E3287B9EE500277FC6 /* Debug */ = {
			isa = XCBuildConfiguration;
			buildSettings = {
				ALWAYS_SEARCH_USER_PATHS = NO;
				CLANG_ANALYZER_NONNULL = YES;
				CLANG_ANALYZER_NUMBER_OBJECT_CONVERSION = YES_AGGRESSIVE;
				CLANG_CXX_LANGUAGE_STANDARD = "gnu++17";
				CLANG_ENABLE_MODULES = YES;
				CLANG_ENABLE_OBJC_ARC = YES;
				CLANG_ENABLE_OBJC_WEAK = YES;
				CLANG_WARN_BLOCK_CAPTURE_AUTORELEASING = YES;
				CLANG_WARN_BOOL_CONVERSION = YES;
				CLANG_WARN_COMMA = YES;
				CLANG_WARN_CONSTANT_CONVERSION = YES;
				CLANG_WARN_DEPRECATED_OBJC_IMPLEMENTATIONS = YES;
				CLANG_WARN_DIRECT_OBJC_ISA_USAGE = YES_ERROR;
				CLANG_WARN_DOCUMENTATION_COMMENTS = YES;
				CLANG_WARN_EMPTY_BODY = YES;
				CLANG_WARN_ENUM_CONVERSION = YES;
				CLANG_WARN_INFINITE_RECURSION = YES;
				CLANG_WARN_INT_CONVERSION = YES;
				CLANG_WARN_NON_LITERAL_NULL_CONVERSION = YES;
				CLANG_WARN_OBJC_IMPLICIT_RETAIN_SELF = YES;
				CLANG_WARN_OBJC_LITERAL_CONVERSION = YES;
				CLANG_WARN_OBJC_ROOT_CLASS = YES_ERROR;
				CLANG_WARN_QUOTED_INCLUDE_IN_FRAMEWORK_HEADER = YES;
				CLANG_WARN_RANGE_LOOP_ANALYSIS = YES;
				CLANG_WARN_STRICT_PROTOTYPES = YES;
				CLANG_WARN_SUSPICIOUS_MOVE = YES;
				CLANG_WARN_UNGUARDED_AVAILABILITY = YES_AGGRESSIVE;
				CLANG_WARN_UNREACHABLE_CODE = YES;
				CLANG_WARN__DUPLICATE_METHOD_MATCH = YES;
				COPY_PHASE_STRIP = NO;
				DEBUG_INFORMATION_FORMAT = dwarf;
				ENABLE_STRICT_OBJC_MSGSEND = YES;
				ENABLE_TESTABILITY = YES;
				GCC_C_LANGUAGE_STANDARD = gnu11;
				GCC_DYNAMIC_NO_PIC = NO;
				GCC_NO_COMMON_BLOCKS = YES;
				GCC_OPTIMIZATION_LEVEL = 0;
				GCC_PREPROCESSOR_DEFINITIONS = (
					"DEBUG=1",
					"$(inherited)",
				);
				GCC_WARN_64_TO_32_BIT_CONVERSION = YES;
				GCC_WARN_ABOUT_RETURN_TYPE = YES_ERROR;
				GCC_WARN_UNDECLARED_SELECTOR = YES;
				GCC_WARN_UNINITIALIZED_AUTOS = YES_AGGRESSIVE;
				GCC_WARN_UNUSED_FUNCTION = YES;
				GCC_WARN_UNUSED_VARIABLE = YES;
				IPHONEOS_DEPLOYMENT_TARGET = 15.4;
				MTL_ENABLE_DEBUG_INFO = INCLUDE_SOURCE;
				MTL_FAST_MATH = YES;
				ONLY_ACTIVE_ARCH = YES;
				SDKROOT = iphoneos;
				SWIFT_ACTIVE_COMPILATION_CONDITIONS = DEBUG;
				SWIFT_OPTIMIZATION_LEVEL = "-Onone";
			};
			name = Debug;
		};
		936655E4287B9EE500277FC6 /* Release */ = {
			isa = XCBuildConfiguration;
			buildSettings = {
				ALWAYS_SEARCH_USER_PATHS = NO;
				CLANG_ANALYZER_NONNULL = YES;
				CLANG_ANALYZER_NUMBER_OBJECT_CONVERSION = YES_AGGRESSIVE;
				CLANG_CXX_LANGUAGE_STANDARD = "gnu++17";
				CLANG_ENABLE_MODULES = YES;
				CLANG_ENABLE_OBJC_ARC = YES;
				CLANG_ENABLE_OBJC_WEAK = YES;
				CLANG_WARN_BLOCK_CAPTURE_AUTORELEASING = YES;
				CLANG_WARN_BOOL_CONVERSION = YES;
				CLANG_WARN_COMMA = YES;
				CLANG_WARN_CONSTANT_CONVERSION = YES;
				CLANG_WARN_DEPRECATED_OBJC_IMPLEMENTATIONS = YES;
				CLANG_WARN_DIRECT_OBJC_ISA_USAGE = YES_ERROR;
				CLANG_WARN_DOCUMENTATION_COMMENTS = YES;
				CLANG_WARN_EMPTY_BODY = YES;
				CLANG_WARN_ENUM_CONVERSION = YES;
				CLANG_WARN_INFINITE_RECURSION = YES;
				CLANG_WARN_INT_CONVERSION = YES;
				CLANG_WARN_NON_LITERAL_NULL_CONVERSION = YES;
				CLANG_WARN_OBJC_IMPLICIT_RETAIN_SELF = YES;
				CLANG_WARN_OBJC_LITERAL_CONVERSION = YES;
				CLANG_WARN_OBJC_ROOT_CLASS = YES_ERROR;
				CLANG_WARN_QUOTED_INCLUDE_IN_FRAMEWORK_HEADER = YES;
				CLANG_WARN_RANGE_LOOP_ANALYSIS = YES;
				CLANG_WARN_STRICT_PROTOTYPES = YES;
				CLANG_WARN_SUSPICIOUS_MOVE = YES;
				CLANG_WARN_UNGUARDED_AVAILABILITY = YES_AGGRESSIVE;
				CLANG_WARN_UNREACHABLE_CODE = YES;
				CLANG_WARN__DUPLICATE_METHOD_MATCH = YES;
				COPY_PHASE_STRIP = NO;
				DEBUG_INFORMATION_FORMAT = "dwarf-with-dsym";
				ENABLE_NS_ASSERTIONS = NO;
				ENABLE_STRICT_OBJC_MSGSEND = YES;
				GCC_C_LANGUAGE_STANDARD = gnu11;
				GCC_NO_COMMON_BLOCKS = YES;
				GCC_WARN_64_TO_32_BIT_CONVERSION = YES;
				GCC_WARN_ABOUT_RETURN_TYPE = YES_ERROR;
				GCC_WARN_UNDECLARED_SELECTOR = YES;
				GCC_WARN_UNINITIALIZED_AUTOS = YES_AGGRESSIVE;
				GCC_WARN_UNUSED_FUNCTION = YES;
				GCC_WARN_UNUSED_VARIABLE = YES;
				IPHONEOS_DEPLOYMENT_TARGET = 15.4;
				MTL_ENABLE_DEBUG_INFO = NO;
				MTL_FAST_MATH = YES;
				SDKROOT = iphoneos;
				SWIFT_COMPILATION_MODE = wholemodule;
				SWIFT_OPTIMIZATION_LEVEL = "-O";
				VALIDATE_PRODUCT = YES;
			};
			name = Release;
		};
		936655E6287B9EE500277FC6 /* Debug */ = {
			isa = XCBuildConfiguration;
			baseConfigurationReference = 43F1386BE8688D5CF1608025 /* Pods-Allermi.debug.xcconfig */;
			buildSettings = {
				ASSETCATALOG_COMPILER_APPICON_NAME = AppIcon;
				ASSETCATALOG_COMPILER_GLOBAL_ACCENT_COLOR_NAME = AccentColor;
				CODE_SIGN_STYLE = Automatic;
				CURRENT_PROJECT_VERSION = 1;
				DEVELOPMENT_ASSET_PATHS = "\"Allermi/Preview Content\"";
				DEVELOPMENT_TEAM = 56V747V83R;
				ENABLE_PREVIEWS = YES;
				GENERATE_INFOPLIST_FILE = YES;
				INFOPLIST_FILE = Allermi/Info.plist;
				INFOPLIST_KEY_UIApplicationSceneManifest_Generation = YES;
				INFOPLIST_KEY_UIApplicationSupportsIndirectInputEvents = YES;
				INFOPLIST_KEY_UILaunchScreen_Generation = YES;
				INFOPLIST_KEY_UILaunchStoryboardName = "Launch Screen";
				INFOPLIST_KEY_UISupportedInterfaceOrientations_iPad = "UIInterfaceOrientationPortrait UIInterfaceOrientationPortraitUpsideDown UIInterfaceOrientationLandscapeLeft UIInterfaceOrientationLandscapeRight";
				INFOPLIST_KEY_UISupportedInterfaceOrientations_iPhone = "UIInterfaceOrientationPortrait UIInterfaceOrientationLandscapeLeft UIInterfaceOrientationLandscapeRight";
				LD_RUNPATH_SEARCH_PATHS = (
					"$(inherited)",
					"@executable_path/Frameworks",
				);
				MARKETING_VERSION = 1.0;
				PRODUCT_BUNDLE_IDENTIFIER = net.mercen.Allermi;
				PRODUCT_NAME = "알레르미";
				SWIFT_EMIT_LOC_STRINGS = YES;
				SWIFT_VERSION = 5.0;
				TARGETED_DEVICE_FAMILY = 1;
			};
			name = Debug;
		};
		936655E7287B9EE500277FC6 /* Release */ = {
			isa = XCBuildConfiguration;
			baseConfigurationReference = 0769FDCC1924AD510B3399E6 /* Pods-Allermi.release.xcconfig */;
			buildSettings = {
				ASSETCATALOG_COMPILER_APPICON_NAME = AppIcon;
				ASSETCATALOG_COMPILER_GLOBAL_ACCENT_COLOR_NAME = AccentColor;
				CODE_SIGN_STYLE = Automatic;
				CURRENT_PROJECT_VERSION = 1;
				DEVELOPMENT_ASSET_PATHS = "\"Allermi/Preview Content\"";
				DEVELOPMENT_TEAM = 56V747V83R;
				ENABLE_PREVIEWS = YES;
				GENERATE_INFOPLIST_FILE = YES;
				INFOPLIST_FILE = Allermi/Info.plist;
				INFOPLIST_KEY_UIApplicationSceneManifest_Generation = YES;
				INFOPLIST_KEY_UIApplicationSupportsIndirectInputEvents = YES;
				INFOPLIST_KEY_UILaunchScreen_Generation = YES;
				INFOPLIST_KEY_UILaunchStoryboardName = "Launch Screen";
				INFOPLIST_KEY_UISupportedInterfaceOrientations_iPad = "UIInterfaceOrientationPortrait UIInterfaceOrientationPortraitUpsideDown UIInterfaceOrientationLandscapeLeft UIInterfaceOrientationLandscapeRight";
				INFOPLIST_KEY_UISupportedInterfaceOrientations_iPhone = "UIInterfaceOrientationPortrait UIInterfaceOrientationLandscapeLeft UIInterfaceOrientationLandscapeRight";
				LD_RUNPATH_SEARCH_PATHS = (
					"$(inherited)",
					"@executable_path/Frameworks",
				);
				MARKETING_VERSION = 1.0;
				PRODUCT_BUNDLE_IDENTIFIER = net.mercen.Allermi;
				PRODUCT_NAME = "알레르미";
				SWIFT_EMIT_LOC_STRINGS = YES;
				SWIFT_VERSION = 5.0;
				TARGETED_DEVICE_FAMILY = 1;
			};
			name = Release;
		};
		936655E9287B9EE500277FC6 /* Debug */ = {
			isa = XCBuildConfiguration;
			baseConfigurationReference = 904696CF71F7CF8B822B4B20 /* Pods-AllermiTests.debug.xcconfig */;
			buildSettings = {
				ALWAYS_EMBED_SWIFT_STANDARD_LIBRARIES = YES;
				BUNDLE_LOADER = "$(TEST_HOST)";
				CODE_SIGN_STYLE = Automatic;
				CURRENT_PROJECT_VERSION = 1;
				DEVELOPMENT_TEAM = 56V747V83R;
				GENERATE_INFOPLIST_FILE = YES;
				IPHONEOS_DEPLOYMENT_TARGET = 15.4;
				MARKETING_VERSION = 1.0;
				PRODUCT_BUNDLE_IDENTIFIER = net.mercen.AllermiTests;
				PRODUCT_NAME = "$(TARGET_NAME)";
				SWIFT_EMIT_LOC_STRINGS = NO;
				SWIFT_VERSION = 5.0;
				TARGETED_DEVICE_FAMILY = "1,2";
				TEST_HOST = "$(BUILT_PRODUCTS_DIR)/Allermi.app/Allermi";
			};
			name = Debug;
		};
		936655EA287B9EE500277FC6 /* Release */ = {
			isa = XCBuildConfiguration;
			baseConfigurationReference = D1240032F2E06C3082B9DF75 /* Pods-AllermiTests.release.xcconfig */;
			buildSettings = {
				ALWAYS_EMBED_SWIFT_STANDARD_LIBRARIES = YES;
				BUNDLE_LOADER = "$(TEST_HOST)";
				CODE_SIGN_STYLE = Automatic;
				CURRENT_PROJECT_VERSION = 1;
				DEVELOPMENT_TEAM = 56V747V83R;
				GENERATE_INFOPLIST_FILE = YES;
				IPHONEOS_DEPLOYMENT_TARGET = 15.4;
				MARKETING_VERSION = 1.0;
				PRODUCT_BUNDLE_IDENTIFIER = net.mercen.AllermiTests;
				PRODUCT_NAME = "$(TARGET_NAME)";
				SWIFT_EMIT_LOC_STRINGS = NO;
				SWIFT_VERSION = 5.0;
				TARGETED_DEVICE_FAMILY = "1,2";
				TEST_HOST = "$(BUILT_PRODUCTS_DIR)/Allermi.app/Allermi";
			};
			name = Release;
		};
		936655EC287B9EE500277FC6 /* Debug */ = {
			isa = XCBuildConfiguration;
			baseConfigurationReference = 53C4FAF5A3FABA0D5904E623 /* Pods-Allermi-AllermiUITests.debug.xcconfig */;
			buildSettings = {
				ALWAYS_EMBED_SWIFT_STANDARD_LIBRARIES = YES;
				CODE_SIGN_STYLE = Automatic;
				CURRENT_PROJECT_VERSION = 1;
				DEVELOPMENT_TEAM = 56V747V83R;
				GENERATE_INFOPLIST_FILE = YES;
				MARKETING_VERSION = 1.0;
				PRODUCT_BUNDLE_IDENTIFIER = net.mercen.AllermiUITests;
				PRODUCT_NAME = "$(TARGET_NAME)";
				SWIFT_EMIT_LOC_STRINGS = NO;
				SWIFT_VERSION = 5.0;
				TARGETED_DEVICE_FAMILY = "1,2";
				TEST_TARGET_NAME = Allermi;
			};
			name = Debug;
		};
		936655ED287B9EE500277FC6 /* Release */ = {
			isa = XCBuildConfiguration;
			baseConfigurationReference = 6F012182359CD232C7ABC34C /* Pods-Allermi-AllermiUITests.release.xcconfig */;
			buildSettings = {
				ALWAYS_EMBED_SWIFT_STANDARD_LIBRARIES = YES;
				CODE_SIGN_STYLE = Automatic;
				CURRENT_PROJECT_VERSION = 1;
				DEVELOPMENT_TEAM = 56V747V83R;
				GENERATE_INFOPLIST_FILE = YES;
				MARKETING_VERSION = 1.0;
				PRODUCT_BUNDLE_IDENTIFIER = net.mercen.AllermiUITests;
				PRODUCT_NAME = "$(TARGET_NAME)";
				SWIFT_EMIT_LOC_STRINGS = NO;
				SWIFT_VERSION = 5.0;
				TARGETED_DEVICE_FAMILY = "1,2";
				TEST_TARGET_NAME = Allermi;
			};
			name = Release;
		};
/* End XCBuildConfiguration section */

/* Begin XCConfigurationList section */
		936655BC287B9EE400277FC6 /* Build configuration list for PBXProject "Allermi" */ = {
			isa = XCConfigurationList;
			buildConfigurations = (
				936655E3287B9EE500277FC6 /* Debug */,
				936655E4287B9EE500277FC6 /* Release */,
			);
			defaultConfigurationIsVisible = 0;
			defaultConfigurationName = Release;
		};
		936655E5287B9EE500277FC6 /* Build configuration list for PBXNativeTarget "Allermi" */ = {
			isa = XCConfigurationList;
			buildConfigurations = (
				936655E6287B9EE500277FC6 /* Debug */,
				936655E7287B9EE500277FC6 /* Release */,
			);
			defaultConfigurationIsVisible = 0;
			defaultConfigurationName = Release;
		};
		936655E8287B9EE500277FC6 /* Build configuration list for PBXNativeTarget "AllermiTests" */ = {
			isa = XCConfigurationList;
			buildConfigurations = (
				936655E9287B9EE500277FC6 /* Debug */,
				936655EA287B9EE500277FC6 /* Release */,
			);
			defaultConfigurationIsVisible = 0;
			defaultConfigurationName = Release;
		};
		936655EB287B9EE500277FC6 /* Build configuration list for PBXNativeTarget "AllermiUITests" */ = {
			isa = XCConfigurationList;
			buildConfigurations = (
				936655EC287B9EE500277FC6 /* Debug */,
				936655ED287B9EE500277FC6 /* Release */,
			);
			defaultConfigurationIsVisible = 0;
			defaultConfigurationName = Release;
		};
/* End XCConfigurationList section */
	};
	rootObject = 936655B9287B9EE400277FC6 /* Project object */;
}
